
Microsoft Visual Studio Solution File, Format Version 12.00
# Visual Studio Version 16
VisualStudioVersion = 16.0.808.6
MinimumVisualStudioVersion = 10.0.40219.1
Project("{FAE04EC0-301F-11D3-BF4B-00C04F79EFBC}") = "ClassMetotDemo", "ClassMetotDemo\ClassMetotDemo.csproj", "{DE68592D-E3C9-4E2F-929E-CBBDB6A61B76}"
EndProject
Global
	GlobalSection(SolutionConfigurationPlatforms) = preSolution
		Debug|Any CPU = Debug|Any CPU
		Release|Any CPU = Release|Any CPU
	EndGlobalSection
	GlobalSection(ProjectConfigurationPlatforms) = postSolution
		{DE68592D-E3C9-4E2F-929E-CBBDB6A61B76}.Debug|Any CPU.ActiveCfg = Debug|Any CPU
		{DE68592D-E3C9-4E2F-929E-CBBDB6A61B76}.Debug|Any CPU.Build.0 = Debug|Any CPU
		{DE68592D-E3C9-4E2F-929E-CBBDB6A61B76}.Release|Any CPU.ActiveCfg = Release|Any CPU
		{DE68592D-E3C9-4E2F-929E-CBBDB6A61B76}.Release|Any CPU.Build.0 = Release|Any CPU
	EndGlobalSection
	GlobalSection(SolutionProperties) = preSolution
		HideSolutionNode = FALSE
	EndGlobalSection
	GlobalSection(ExtensibilityGlobals) = postSolution
		SolutionGuid = {1AC9B304-3779-4CA3-B8EC-BAAC9ECCEA2C}
	EndGlobalSection
EndGlobal
